
Microsoft Visual Studio Solution File, Format Version 12.00
# Visual Studio Version 17
VisualStudioVersion = 17.5.33516.290
MinimumVisualStudioVersion = 10.0.40219.1
Project("{FAE04EC0-301F-11D3-BF4B-00C04F79EFBC}") = "IdentityServerPoC", "IdentityServerPoC\IdentityServerPoC.csproj", "{CE7272B4-7D5B-483A-A331-6344AA8EA05B}"
EndProject
Global
	GlobalSection(SolutionConfigurationPlatforms) = preSolution
		Debug|Any CPU = Debug|Any CPU
		Release|Any CPU = Release|Any CPU
	EndGlobalSection
	GlobalSection(ProjectConfigurationPlatforms) = postSolution
		{CE7272B4-7D5B-483A-A331-6344AA8EA05B}.Debug|Any CPU.ActiveCfg = Debug|Any CPU
		{CE7272B4-7D5B-483A-A331-6344AA8EA05B}.Debug|Any CPU.Build.0 = Debug|Any CPU
		{CE7272B4-7D5B-483A-A331-6344AA8EA05B}.Release|Any CPU.ActiveCfg = Release|Any CPU
		{CE7272B4-7D5B-483A-A331-6344AA8EA05B}.Release|Any CPU.Build.0 = Release|Any CPU
	EndGlobalSection
	GlobalSection(SolutionProperties) = preSolution
		HideSolutionNode = FALSE
	EndGlobalSection
	GlobalSection(ExtensibilityGlobals) = postSolution
		SolutionGuid = {337C393E-B71E-46D9-9D6D-7CDC39632F4D}
	EndGlobalSection
EndGlobal
